
Microsoft Visual Studio Solution File, Format Version 12.00
# Visual Studio Version 16
VisualStudioVersion = 16.0.29306.81
MinimumVisualStudioVersion = 10.0.40219.1
Project("{FAE04EC0-301F-11D3-BF4B-00C04F79EFBC}") = "MakeSQL", "MakeSQL\MakeSQL.csproj", "{F08A1CFD-1370-4EF9-8BD9-12F95392CAF1}"
EndProject
Global
	GlobalSection(SolutionConfigurationPlatforms) = preSolution
		Debug|Any CPU = Debug|Any CPU
		Release|Any CPU = Release|Any CPU
	EndGlobalSection
	GlobalSection(ProjectConfigurationPlatforms) = postSolution
		{F08A1CFD-1370-4EF9-8BD9-12F95392CAF1}.Debug|Any CPU.ActiveCfg = Debug|Any CPU
		{F08A1CFD-1370-4EF9-8BD9-12F95392CAF1}.Debug|Any CPU.Build.0 = Debug|Any CPU
		{F08A1CFD-1370-4EF9-8BD9-12F95392CAF1}.Release|Any CPU.ActiveCfg = Release|Any CPU
		{F08A1CFD-1370-4EF9-8BD9-12F95392CAF1}.Release|Any CPU.Build.0 = Release|Any CPU
	EndGlobalSection
	GlobalSection(SolutionProperties) = preSolution
		HideSolutionNode = FALSE
	EndGlobalSection
	GlobalSection(ExtensibilityGlobals) = postSolution
		SolutionGuid = {7F6323DA-20C3-4834-AD21-C4896731E1FE}
	EndGlobalSection
EndGlobal
